// !$*UTF8*$!
{
	archiveVersion = 1;
	classes = {
	};
	objectVersion = 46;
	objects = {

/* Begin PBXBuildFile section */
		373EC1771B15F19C00D89265 /* AppDelegate.swift in Sources */ = {isa = PBXBuildFile; fileRef = 373EC1761B15F19C00D89265 /* AppDelegate.swift */; };
		373EC1791B15F19C00D89265 /* ViewController.swift in Sources */ = {isa = PBXBuildFile; fileRef = 373EC1781B15F19C00D89265 /* ViewController.swift */; };
		373EC17C1B15F19C00D89265 /* Main.storyboard in Resources */ = {isa = PBXBuildFile; fileRef = 373EC17A1B15F19C00D89265 /* Main.storyboard */; };
		373EC17E1B15F19C00D89265 /* Images.xcassets in Resources */ = {isa = PBXBuildFile; fileRef = 373EC17D1B15F19C00D89265 /* Images.xcassets */; };
		373EC1811B15F19C00D89265 /* LaunchScreen.xib in Resources */ = {isa = PBXBuildFile; fileRef = 373EC17F1B15F19C00D89265 /* LaunchScreen.xib */; };
		373EC18D1B15F19C00D89265 /* practice1Tests.swift in Sources */ = {isa = PBXBuildFile; fileRef = 373EC18C1B15F19C00D89265 /* practice1Tests.swift */; };
/* End PBXBuildFile section */

/* Begin PBXContainerItemProxy section */
		373EC1871B15F19C00D89265 /* PBXContainerItemProxy */ = {
			isa = PBXContainerItemProxy;
			containerPortal = 373EC1691B15F19C00D89265 /* Project object */;
			proxyType = 1;
			remoteGlobalIDString = 373EC1701B15F19C00D89265;
			remoteInfo = practice1;
		};
/* End PBXContainerItemProxy section */

/* Begin PBXFileReference section */
		373EC1711B15F19C00D89265 /* practice1.app */ = {isa = PBXFileReference; explicitFileType = wrapper.application; includeInIndex = 0; path = practice1.app; sourceTree = BUILT_PRODUCTS_DIR; };
		373EC1751B15F19C00D89265 /* Info.plist */ = {isa = PBXFileReference; lastKnownFileType = text.plist.xml; path = Info.plist; sourceTree = "<group>"; };
		373EC1761B15F19C00D89265 /* AppDelegate.swift */ = {isa = PBXFileReference; lastKnownFileType = sourcecode.swift; path = AppDelegate.swift; sourceTree = "<group>"; };
		373EC1781B15F19C00D89265 /* ViewController.swift */ = {isa = PBXFileReference; lastKnownFileType = sourcecode.swift; path = ViewController.swift; sourceTree = "<group>"; };
		373EC17B1B15F19C00D89265 /* Base */ = {isa = PBXFileReference; lastKnownFileType = file.storyboard; name = Base; path = Base.lproj/Main.storyboard; sourceTree = "<group>"; };
		373EC17D1B15F19C00D89265 /* Images.xcassets */ = {isa = PBXFileReference; lastKnownFileType = folder.assetcatalog; path = Images.xcassets; sourceTree = "<group>"; };
		373EC1801B15F19C00D89265 /* Base */ = {isa = PBXFileReference; lastKnownFileType = file.xib; name = Base; path = Base.lproj/LaunchScreen.xib; sourceTree = "<group>"; };
		373EC1861B15F19C00D89265 /* practice1Tests.xctest */ = {isa = PBXFileReference; explicitFileType = wrapper.cfbundle; includeInIndex = 0; path = practice1Tests.xctest; sourceTree = BUILT_PRODUCTS_DIR; };
		373EC18B1B15F19C00D89265 /* Info.plist */ = {isa = PBXFileReference; lastKnownFileType = text.plist.xml; path = Info.plist; sourceTree = "<group>"; };
		373EC18C1B15F19C00D89265 /* practice1Tests.swift */ = {isa = PBXFileReference; lastKnownFileType = sourcecode.swift; path = practice1Tests.swift; sourceTree = "<group>"; };
/* End PBXFileReference section */

/* Begin PBXFrameworksBuildPhase section */
		373EC16E1B15F19C00D89265 /* Frameworks */ = {
			isa = PBXFrameworksBuildPhase;
			buildActionMask = 2147483647;
			files = (
			);
			runOnlyForDeploymentPostprocessing = 0;
		};
		373EC1831B15F19C00D89265 /* Frameworks */ = {
			isa = PBXFrameworksBuildPhase;
			buildActionMask = 2147483647;
			files = (
			);
			runOnlyForDeploymentPostprocessing = 0;
		};
/* End PBXFrameworksBuildPhase section */

/* Begin PBXGroup section */
		373EC1681B15F19C00D89265 = {
			isa = PBXGroup;
			children = (
				373EC1731B15F19C00D89265 /* practice1 */,
				373EC1891B15F19C00D89265 /* practice1Tests */,
				373EC1721B15F19C00D89265 /* Products */,
			);
			sourceTree = "<group>";
		};
		373EC1721B15F19C00D89265 /* Products */ = {
			isa = PBXGroup;
			children = (
				373EC1711B15F19C00D89265 /* practice1.app */,
				373EC1861B15F19C00D89265 /* practice1Tests.xctest */,
			);
			name = Products;
			sourceTree = "<group>";
		};
		373EC1731B15F19C00D89265 /* practice1 */ = {
			isa = PBXGroup;
			children = (
				373EC1761B15F19C00D89265 /* AppDelegate.swift */,
				373EC1781B15F19C00D89265 /* ViewController.swift */,
				373EC17A1B15F19C00D89265 /* Main.storyboard */,
				373EC17D1B15F19C00D89265 /* Images.xcassets */,
				373EC17F1B15F19C00D89265 /* LaunchScreen.xib */,
				373EC1741B15F19C00D89265 /* Supporting Files */,
			);
			path = practice1;
			sourceTree = "<group>";
		};
		373EC1741B15F19C00D89265 /* Supporting Files */ = {
			isa = PBXGroup;
			children = (
				373EC1751B15F19C00D89265 /* Info.plist */,
			);
			name = "Supporting Files";
			sourceTree = "<group>";
		};
		373EC1891B15F19C00D89265 /* practice1Tests */ = {
			isa = PBXGroup;
			children = (
				373EC18C1B15F19C00D89265 /* practice1Tests.swift */,
				373EC18A1B15F19C00D89265 /* Supporting Files */,
			);
			path = practice1Tests;
			sourceTree = "<group>";
		};
		373EC18A1B15F19C00D89265 /* Supporting Files */ = {
			isa = PBXGroup;
			children = (
				373EC18B1B15F19C00D89265 /* Info.plist */,
			);
			name = "Supporting Files";
			sourceTree = "<group>";
		};
/* End PBXGroup section */

/* Begin PBXNativeTarget section */
		373EC1701B15F19C00D89265 /* practice1 */ = {
			isa = PBXNativeTarget;
			buildConfigurationList = 373EC1901B15F19C00D89265 /* Build configuration list for PBXNativeTarget "practice1" */;
			buildPhases = (
				373EC16D1B15F19C00D89265 /* Sources */,
				373EC16E1B15F19C00D89265 /* Frameworks */,
				373EC16F1B15F19C00D89265 /* Resources */,
			);
			buildRules = (
			);
			dependencies = (
			);
			name = practice1;
			productName = practice1;
			productReference = 373EC1711B15F19C00D89265 /* practice1.app */;
			productType = "com.apple.product-type.application";
		};
		373EC1851B15F19C00D89265 /* practice1Tests */ = {
			isa = PBXNativeTarget;
			buildConfigurationList = 373EC1931B15F19C00D89265 /* Build configuration list for PBXNativeTarget "practice1Tests" */;
			buildPhases = (
				373EC1821B15F19C00D89265 /* Sources */,
				373EC1831B15F19C00D89265 /* Frameworks */,
				373EC1841B15F19C00D89265 /* Resources */,
			);
			buildRules = (
			);
			dependencies = (
				373EC1881B15F19C00D89265 /* PBXTargetDependency */,
			);
			name = practice1Tests;
			productName = practice1Tests;
			productReference = 373EC1861B15F19C00D89265 /* practice1Tests.xctest */;
			productType = "com.apple.product-type.bundle.unit-test";
		};
/* End PBXNativeTarget section */

/* Begin PBXProject section */
		373EC1691B15F19C00D89265 /* Project object */ = {
			isa = PBXProject;
			attributes = {
				LastUpgradeCheck = 0630;
				ORGANIZATIONNAME = Kenta;
				TargetAttributes = {
					373EC1701B15F19C00D89265 = {
						CreatedOnToolsVersion = 6.3.2;
					};
					373EC1851B15F19C00D89265 = {
						CreatedOnToolsVersion = 6.3.2;
						TestTargetID = 373EC1701B15F19C00D89265;
					};
				};
			};
			buildConfigurationList = 373EC16C1B15F19C00D89265 /* Build configuration list for PBXProject "practice1" */;
			compatibilityVersion = "Xcode 3.2";
			developmentRegion = English;
			hasScannedForEncodings = 0;
			knownRegions = (
				en,
				Base,
			);
			mainGroup = 373EC1681B15F19C00D89265;
			productRefGroup = 373EC1721B15F19C00D89265 /* Products */;
			projectDirPath = "";
			projectRoot = "";
			targets = (
				373EC1701B15F19C00D89265 /* practice1 */,
				373EC1851B15F19C00D89265 /* practice1Tests */,
			);
		};
/* End PBXProject section */

/* Begin PBXResourcesBuildPhase section */
		373EC16F1B15F19C00D89265 /* Resources */ = {
			isa = PBXResourcesBuildPhase;
			buildActionMask = 2147483647;
			files = (
				373EC17C1B15F19C00D89265 /* Main.storyboard in Resources */,
				373EC1811B15F19C00D89265 /* LaunchScreen.xib in Resources */,
				373EC17E1B15F19C00D89265 /* Images.xcassets in Resources */,
			);
			runOnlyForDeploymentPostprocessing = 0;
		};
		373EC1841B15F19C00D89265 /* Resources */ = {
			isa = PBXResourcesBuildPhase;
			buildActionMask = 2147483647;
			files = (
			);
			runOnlyForDeploymentPostprocessing = 0;
		};
/* End PBXResourcesBuildPhase section */

/* Begin PBXSourcesBuildPhase section */
		373EC16D1B15F19C00D89265 /* Sources */ = {
			isa = PBXSourcesBuildPhase;
			buildActionMask = 2147483647;
			files = (
				373EC1791B15F19C00D89265 /* ViewController.swift in Sources */,
				373EC1771B15F19C00D89265 /* AppDelegate.swift in Sources */,
			);
			runOnlyForDeploymentPostprocessing = 0;
		};
		373EC1821B15F19C00D89265 /* Sources */ = {
			isa = PBXSourcesBuildPhase;
			buildActionMask = 2147483647;
			files = (
				373EC18D1B15F19C00D89265 /* practice1Tests.swift in Sources */,
			);
			runOnlyForDeploymentPostprocessing = 0;
		};
/* End PBXSourcesBuildPhase section */

/* Begin PBXTargetDependency section */
		373EC1881B15F19C00D89265 /* PBXTargetDependency */ = {
			isa = PBXTargetDependency;
			target = 373EC1701B15F19C00D89265 /* practice1 */;
			targetProxy = 373EC1871B15F19C00D89265 /* PBXContainerItemProxy */;
		};
/* End PBXTargetDependency section */

/* Begin PBXVariantGroup section */
		373EC17A1B15F19C00D89265 /* Main.storyboard */ = {
			isa = PBXVariantGroup;
			children = (
				373EC17B1B15F19C00D89265 /* Base */,
			);
			name = Main.storyboard;
			sourceTree = "<group>";
		};
		373EC17F1B15F19C00D89265 /* LaunchScreen.xib */ = {
			isa = PBXVariantGroup;
			children = (
				373EC1801B15F19C00D89265 /* Base */,
			);
			name = LaunchScreen.xib;
			sourceTree = "<group>";
		};
/* End PBXVariantGroup section */

/* Begin XCBuildConfiguration section */
		373EC18E1B15F19C00D89265 /* Debug */ = {
			isa = XCBuildConfiguration;
			buildSettings = {
				ALWAYS_SEARCH_USER_PATHS = NO;
				CLANG_CXX_LANGUAGE_STANDARD = "gnu++0x";
				CLANG_CXX_LIBRARY = "libc++";
				CLANG_ENABLE_MODULES = YES;
				CLANG_ENABLE_OBJC_ARC = YES;
				CLANG_WARN_BOOL_CONVERSION = YES;
				CLANG_WARN_CONSTANT_CONVERSION = YES;
				CLANG_WARN_DIRECT_OBJC_ISA_USAGE = YES_ERROR;
				CLANG_WARN_EMPTY_BODY = YES;
				CLANG_WARN_ENUM_CONVERSION = YES;
				CLANG_WARN_INT_CONVERSION = YES;
				CLANG_WARN_OBJC_ROOT_CLASS = YES_ERROR;
				CLANG_WARN_UNREACHABLE_CODE = YES;
				CLANG_WARN__DUPLICATE_METHOD_MATCH = YES;
				"CODE_SIGN_IDENTITY[sdk=iphoneos*]" = "iPhone Developer";
				COPY_PHASE_STRIP = NO;
				DEBUG_INFORMATION_FORMAT = "dwarf-with-dsym";
				ENABLE_STRICT_OBJC_MSGSEND = YES;
				GCC_C_LANGUAGE_STANDARD = gnu99;
				GCC_DYNAMIC_NO_PIC = NO;
				GCC_NO_COMMON_BLOCKS = YES;
				GCC_OPTIMIZATION_LEVEL = 0;
				GCC_PREPROCESSOR_DEFINITIONS = (
					"DEBUG=1",
					"$(inherited)",
				);
				GCC_SYMBOLS_PRIVATE_EXTERN = NO;
				GCC_WARN_64_TO_32_BIT_CONVERSION = YES;
				GCC_WARN_ABOUT_RETURN_TYPE = YES_ERROR;
				GCC_WARN_UNDECLARED_SELECTOR = YES;
				GCC_WARN_UNINITIALIZED_AUTOS = YES_AGGRESSIVE;
				GCC_WARN_UNUSED_FUNCTION = YES;
				GCC_WARN_UNUSED_VARIABLE = YES;
				IPHONEOS_DEPLOYMENT_TARGET = 8.3;
				MTL_ENABLE_DEBUG_INFO = YES;
				ONLY_ACTIVE_ARCH = YES;
				SDKROOT = iphoneos;
				SWIFT_OPTIMIZATION_LEVEL = "-Onone";
			};
			name = Debug;
		};
		373EC18F1B15F19C00D89265 /* Release */ = {
			isa = XCBuildConfiguration;
			buildSettings = {
				ALWAYS_SEARCH_USER_PATHS = NO;
				CLANG_CXX_LANGUAGE_STANDARD = "gnu++0x";
				CLANG_CXX_LIBRARY = "libc++";
				CLANG_ENABLE_MODULES = YES;
				CLANG_ENABLE_OBJC_ARC = YES;
				CLANG_WARN_BOOL_CONVERSION = YES;
				CLANG_WARN_CONSTANT_CONVERSION = YES;
				CLANG_WARN_DIRECT_OBJC_ISA_USAGE = YES_ERROR;
				CLANG_WARN_EMPTY_BODY = YES;
				CLANG_WARN_ENUM_CONVERSION = YES;
				CLANG_WARN_INT_CONVERSION = YES;
				CLANG_WARN_OBJC_ROOT_CLASS = YES_ERROR;
				CLANG_WARN_UNREACHABLE_CODE = YES;
				CLANG_WARN__DUPLICATE_METHOD_MATCH = YES;
				"CODE_SIGN_IDENTITY[sdk=iphoneos*]" = "iPhone Developer";
				COPY_PHASE_STRIP = NO;
				DEBUG_INFORMATION_FORMAT = "dwarf-with-dsym";
				ENABLE_NS_ASSERTIONS = NO;
				ENABLE_STRICT_OBJC_MSGSEND = YES;
				GCC_C_LANGUAGE_STANDARD = gnu99;
				GCC_NO_COMMON_BLOCKS = YES;
				GCC_WARN_64_TO_32_BIT_CONVERSION = YES;
				GCC_WARN_ABOUT_RETURN_TYPE = YES_ERROR;
				GCC_WARN_UNDECLARED_SELECTOR = YES;
				GCC_WARN_UNINITIALIZED_AUTOS = YES_AGGRESSIVE;
				GCC_WARN_UNUSED_FUNCTION = YES;
				GCC_WARN_UNUSED_VARIABLE = YES;
				IPHONEOS_DEPLOYMENT_TARGET = 8.3;
				MTL_ENABLE_DEBUG_INFO = NO;
				SDKROOT = iphoneos;
				VALIDATE_PRODUCT = YES;
			};
			name = Release;
		};
		373EC1911B15F19C00D89265 /* Debug */ = {
			isa = XCBuildConfiguration;
			buildSettings = {
				ASSETCATALOG_COMPILER_APPICON_NAME = AppIcon;
				INFOPLIST_FILE = practice1/Info.plist;
				LD_RUNPATH_SEARCH_PATHS = "$(inherited) @executable_path/Frameworks";
				PRODUCT_NAME = "$(TARGET_NAME)";
			};
			name = Debug;
		};
		373EC1921B15F19C00D89265 /* Release */ = {
			isa = XCBuildConfiguration;
			buildSettings = {
				ASSETCATALOG_COMPILER_APPICON_NAME = AppIcon;
				INFOPLIST_FILE = practice1/Info.plist;
				LD_RUNPATH_SEARCH_PATHS = "$(inherited) @executable_path/Frameworks";
				PRODUCT_NAME = "$(TARGET_NAME)";
			};
			name = Release;
		};
		373EC1941B15F19C00D89265 /* Debug */ = {
			isa = XCBuildConfiguration;
			buildSettings = {
				BUNDLE_LOADER = "$(TEST_HOST)";
				FRAMEWORK_SEARCH_PATHS = (
					"$(SDKROOT)/Developer/Library/Frameworks",
					"$(inherited)",
				);
				GCC_PREPROCESSOR_DEFINITIONS = (
					"DEBUG=1",
					"$(inherited)",
				);
				INFOPLIST_FILE = practice1Tests/Info.plist;
				LD_RUNPATH_SEARCH_PATHS = "$(inherited) @executable_path/Frameworks @loader_path/Frameworks";
				PRODUCT_NAME = "$(TARGET_NAME)";
				TEST_HOST = "$(BUILT_PRODUCTS_DIR)/practice1.app/practice1";
			};
			name = Debug;
		};
		373EC1951B15F19C00D89265 /* Release */ = {
			isa = XCBuildConfiguration;
			buildSettings = {
				BUNDLE_LOADER = "$(TEST_HOST)";
				FRAMEWORK_SEARCH_PATHS = (
					"$(SDKROOT)/Developer/Library/Frameworks",
					"$(inherited)",
				);
				INFOPLIST_FILE = practice1Tests/Info.plist;
				LD_RUNPATH_SEARCH_PATHS = "$(inherited) @executable_path/Frameworks @loader_path/Frameworks";
				PRODUCT_NAME = "$(TARGET_NAME)";
				TEST_HOST = "$(BUILT_PRODUCTS_DIR)/practice1.app/practice1";
			};
			name = Release;
		};
/* End XCBuildConfiguration section */

/* Begin XCConfigurationList section */
		373EC16C1B15F19C00D89265 /* Build configuration list for PBXProject "practice1" */ = {
			isa = XCConfigurationList;
			buildConfigurations = (
				373EC18E1B15F19C00D89265 /* Debug */,
				373EC18F1B15F19C00D89265 /* Release */,
			);
			defaultConfigurationIsVisible = 0;
			defaultConfigurationName = Release;
		};
		373EC1901B15F19C00D89265 /* Build configuration list for PBXNativeTarget "practice1" */ = {
			isa = XCConfigurationList;
			buildConfigurations = (
				373EC1911B15F19C00D89265 /* Debug */,
				373EC1921B15F19C00D89265 /* Release */,
			);
			defaultConfigurationIsVisible = 0;
		};
		373EC1931B15F19C00D89265 /* Build configuration list for PBXNativeTarget "practice1Tests" */ = {
			isa = XCConfigurationList;
			buildConfigurations = (
				373EC1941B15F19C00D89265 /* Debug */,
				373EC1951B15F19C00D89265 /* Release */,
			);
			defaultConfigurationIsVisible = 0;
		};
/* End XCConfigurationList section */
	};
	rootObject = 373EC1691B15F19C00D89265 /* Project object */;
}
